
Microsoft Visual Studio Solution File, Format Version 12.00
# Visual Studio Version 16
VisualStudioVersion = 16.0.30804.86
MinimumVisualStudioVersion = 10.0.40219.1
Project("{FAE04EC0-301F-11D3-BF4B-00C04F79EFBC}") = "lab7", "lab7\lab7.csproj", "{F360413F-22BF-4478-A0FE-80210663A955}"
EndProject
Global
	GlobalSection(SolutionConfigurationPlatforms) = preSolution
		Debug|Any CPU = Debug|Any CPU
		Release|Any CPU = Release|Any CPU
	EndGlobalSection
	GlobalSection(ProjectConfigurationPlatforms) = postSolution
		{F360413F-22BF-4478-A0FE-80210663A955}.Debug|Any CPU.ActiveCfg = Debug|Any CPU
		{F360413F-22BF-4478-A0FE-80210663A955}.Debug|Any CPU.Build.0 = Debug|Any CPU
		{F360413F-22BF-4478-A0FE-80210663A955}.Release|Any CPU.ActiveCfg = Release|Any CPU
		{F360413F-22BF-4478-A0FE-80210663A955}.Release|Any CPU.Build.0 = Release|Any CPU
	EndGlobalSection
	GlobalSection(SolutionProperties) = preSolution
		HideSolutionNode = FALSE
	EndGlobalSection
	GlobalSection(ExtensibilityGlobals) = postSolution
		SolutionGuid = {6A6580C9-B654-4428-AEB8-A721A32680BE}
	EndGlobalSection
EndGlobal
